
Microsoft Visual Studio Solution File, Format Version 12.00
# Visual Studio Version 17
VisualStudioVersion = 17.9.34701.34
MinimumVisualStudioVersion = 10.0.40219.1
Project("{FAE04EC0-301F-11D3-BF4B-00C04F79EFBC}") = "QuintoInventario", "QuintoInventario.csproj", "{DAD23EC2-DBAA-4DE8-B647-F95C781EFE90}"
EndProject
Global
	GlobalSection(SolutionConfigurationPlatforms) = preSolution
		Debug|Any CPU = Debug|Any CPU
		Release|Any CPU = Release|Any CPU
	EndGlobalSection
	GlobalSection(ProjectConfigurationPlatforms) = postSolution
		{DAD23EC2-DBAA-4DE8-B647-F95C781EFE90}.Debug|Any CPU.ActiveCfg = Debug|Any CPU
		{DAD23EC2-DBAA-4DE8-B647-F95C781EFE90}.Debug|Any CPU.Build.0 = Debug|Any CPU
		{DAD23EC2-DBAA-4DE8-B647-F95C781EFE90}.Release|Any CPU.ActiveCfg = Release|Any CPU
		{DAD23EC2-DBAA-4DE8-B647-F95C781EFE90}.Release|Any CPU.Build.0 = Release|Any CPU
	EndGlobalSection
	GlobalSection(SolutionProperties) = preSolution
		HideSolutionNode = FALSE
	EndGlobalSection
	GlobalSection(ExtensibilityGlobals) = postSolution
		SolutionGuid = {D0E50563-21BD-4DC7-B111-CDEE22D8F9A7}
	EndGlobalSection
EndGlobal
